PODS:
  - Alamofire (4.4.0)
  - Cartography (1.1.0)

DEPENDENCIES:
  - Alamofire (~> 4.4.0)
  - Cartography (~> 1.1.0)

SPEC CHECKSUMS:
  Alamofire: dc44b1600b800eb63da6a19039a0083d62a6a62d
  Cartography: '0538ccb4044acbbda2266335fc58cb4228794d90'

PODFILE CHECKSUM: a245e3663d790665c7fa3cdcaa8271ed2c7d6509

COCOAPODS: 1.2.1
