// !$*UTF8*$!
{
	archiveVersion = 1;
	classes = {
	};
	objectVersion = 46;
	objects = {

/* Begin PBXBuildFile section */
		953855FC1CBC93EC00191088 /* AppDelegate.swift in Sources */ = {isa = PBXBuildFile; fileRef = 953855FB1CBC93EC00191088 /* AppDelegate.swift */; };
		953855FE1CBC93EC00191088 /* ViewController.swift in Sources */ = {isa = PBXBuildFile; fileRef = 953855FD1CBC93EC00191088 /* ViewController.swift */; };
		953856031CBC93EC00191088 /* Assets.xcassets in Resources */ = {isa = PBXBuildFile; fileRef = 953856021CBC93EC00191088 /* Assets.xcassets */; };
		953856061CBC93EC00191088 /* LaunchScreen.storyboard in Resources */ = {isa = PBXBuildFile; fileRef = 953856041CBC93EC00191088 /* LaunchScreen.storyboard */; };
		953856111CBC93EC00191088 /* LessonSwiftTests.swift in Sources */ = {isa = PBXBuildFile; fileRef = 953856101CBC93EC00191088 /* LessonSwiftTests.swift */; };
		9538561C1CBC93EC00191088 /* LessonSwiftUITests.swift in Sources */ = {isa = PBXBuildFile; fileRef = 9538561B1CBC93EC00191088 /* LessonSwiftUITests.swift */; };
		FF5C0FA0A02936A1E27224D5 /* Pods_LessonSwift.framework in Frameworks */ = {isa = PBXBuildFile; fileRef = 56ECFEA07E43D8A4BD7B2B08 /* Pods_LessonSwift.framework */; };
/* End PBXBuildFile section */

/* Begin PBXContainerItemProxy section */
		9538560D1CBC93EC00191088 /* PBXContainerItemProxy */ = {
			isa = PBXContainerItemProxy;
			containerPortal = 953855F01CBC93EC00191088 /* Project object */;
			proxyType = 1;
			remoteGlobalIDString = 953855F71CBC93EC00191088;
			remoteInfo = LessonSwift;
		};
		953856181CBC93EC00191088 /* PBXContainerItemProxy */ = {
			isa = PBXContainerItemProxy;
			containerPortal = 953855F01CBC93EC00191088 /* Project object */;
			proxyType = 1;
			remoteGlobalIDString = 953855F71CBC93EC00191088;
			remoteInfo = LessonSwift;
		};
/* End PBXContainerItemProxy section */

/* Begin PBXFileReference section */
		2A418F156E57A51AA08DEAE5 /* Pods-LessonSwift.release.xcconfig */ = {isa = PBXFileReference; includeInIndex = 1; lastKnownFileType = text.xcconfig; name = "Pods-LessonSwift.release.xcconfig"; path = "Pods/Target Support Files/Pods-LessonSwift/Pods-LessonSwift.release.xcconfig"; sourceTree = "<group>"; };
		56ECFEA07E43D8A4BD7B2B08 /* Pods_LessonSwift.framework */ = {isa = PBXFileReference; explicitFileType = wrapper.framework; includeInIndex = 0; path = Pods_LessonSwift.framework; sourceTree = BUILT_PRODUCTS_DIR; };
		8D659AF257285E87AE60E787 /* Pods-LessonSwift.debug.xcconfig */ = {isa = PBXFileReference; includeInIndex = 1; lastKnownFileType = text.xcconfig; name = "Pods-LessonSwift.debug.xcconfig"; path = "Pods/Target Support Files/Pods-LessonSwift/Pods-LessonSwift.debug.xcconfig"; sourceTree = "<group>"; };
		953855F81CBC93EC00191088 /* LessonSwift.app */ = {isa = PBXFileReference; explicitFileType = wrapper.application; includeInIndex = 0; path = LessonSwift.app; sourceTree = BUILT_PRODUCTS_DIR; };
		953855FB1CBC93EC00191088 /* AppDelegate.swift */ = {isa = PBXFileReference; lastKnownFileType = sourcecode.swift; path = AppDelegate.swift; sourceTree = "<group>"; };
		953855FD1CBC93EC00191088 /* ViewController.swift */ = {isa = PBXFileReference; lastKnownFileType = sourcecode.swift; path = ViewController.swift; sourceTree = "<group>"; };
		953856021CBC93EC00191088 /* Assets.xcassets */ = {isa = PBXFileReference; lastKnownFileType = folder.assetcatalog; path = Assets.xcassets; sourceTree = "<group>"; };
		953856051CBC93EC00191088 /* Base */ = {isa = PBXFileReference; lastKnownFileType = file.storyboard; name = Base; path = Base.lproj/LaunchScreen.storyboard; sourceTree = "<group>"; };
		953856071CBC93EC00191088 /* Info.plist */ = {isa = PBXFileReference; lastKnownFileType = text.plist.xml; path = Info.plist; sourceTree = "<group>"; };
		9538560C1CBC93EC00191088 /* LessonSwiftTests.xctest */ = {isa = PBXFileReference; explicitFileType = wrapper.cfbundle; includeInIndex = 0; path = LessonSwiftTests.xctest; sourceTree = BUILT_PRODUCTS_DIR; };
		953856101CBC93EC00191088 /* LessonSwiftTests.swift */ = {isa = PBXFileReference; lastKnownFileType = sourcecode.swift; path = LessonSwiftTests.swift; sourceTree = "<group>"; };
		953856121CBC93EC00191088 /* Info.plist */ = {isa = PBXFileReference; lastKnownFileType = text.plist.xml; path = Info.plist; sourceTree = "<group>"; };
		953856171CBC93EC00191088 /* LessonSwiftUITests.xctest */ = {isa = PBXFileReference; explicitFileType = wrapper.cfbundle; includeInIndex = 0; path = LessonSwiftUITests.xctest; sourceTree = BUILT_PRODUCTS_DIR; };
		9538561B1CBC93EC00191088 /* LessonSwiftUITests.swift */ = {isa = PBXFileReference; lastKnownFileType = sourcecode.swift; path = LessonSwiftUITests.swift; sourceTree = "<group>"; };
		9538561D1CBC93EC00191088 /* Info.plist */ = {isa = PBXFileReference; lastKnownFileType = text.plist.xml; path = Info.plist; sourceTree = "<group>"; };
		D0EBA7F610592ABA67966FF6 /* Pods.framework */ = {isa = PBXFileReference; explicitFileType = wrapper.framework; includeInIndex = 0; path = Pods.framework; sourceTree = BUILT_PRODUCTS_DIR; };
/* End PBXFileReference section */

/* Begin PBXFrameworksBuildPhase section */
		953855F51CBC93EC00191088 /* Frameworks */ = {
			isa = PBXFrameworksBuildPhase;
			buildActionMask = 2147483647;
			files = (
				FF5C0FA0A02936A1E27224D5 /* Pods_LessonSwift.framework in Frameworks */,
			);
			runOnlyForDeploymentPostprocessing = 0;
		};
		953856091CBC93EC00191088 /* Frameworks */ = {
			isa = PBXFrameworksBuildPhase;
			buildActionMask = 2147483647;
			files = (
			);
			runOnlyForDeploymentPostprocessing = 0;
		};
		953856141CBC93EC00191088 /* Frameworks */ = {
			isa = PBXFrameworksBuildPhase;
			buildActionMask = 2147483647;
			files = (
			);
			runOnlyForDeploymentPostprocessing = 0;
		};
/* End PBXFrameworksBuildPhase section */

/* Begin PBXGroup section */
		4B9F886C7D86175450604289 /* Pods */ = {
			isa = PBXGroup;
			children = (
				8D659AF257285E87AE60E787 /* Pods-LessonSwift.debug.xcconfig */,
				2A418F156E57A51AA08DEAE5 /* Pods-LessonSwift.release.xcconfig */,
			);
			name = Pods;
			sourceTree = "<group>";
		};
		516A81AF14FB9371D05F17DE /* Frameworks */ = {
			isa = PBXGroup;
			children = (
				D0EBA7F610592ABA67966FF6 /* Pods.framework */,
				56ECFEA07E43D8A4BD7B2B08 /* Pods_LessonSwift.framework */,
			);
			name = Frameworks;
			sourceTree = "<group>";
		};
		953855EF1CBC93EC00191088 = {
			isa = PBXGroup;
			children = (
				953855FA1CBC93EC00191088 /* LessonSwift */,
				9538560F1CBC93EC00191088 /* LessonSwiftTests */,
				9538561A1CBC93EC00191088 /* LessonSwiftUITests */,
				953855F91CBC93EC00191088 /* Products */,
				516A81AF14FB9371D05F17DE /* Frameworks */,
				4B9F886C7D86175450604289 /* Pods */,
			);
			sourceTree = "<group>";
		};
		953855F91CBC93EC00191088 /* Products */ = {
			isa = PBXGroup;
			children = (
				953855F81CBC93EC00191088 /* LessonSwift.app */,
				9538560C1CBC93EC00191088 /* LessonSwiftTests.xctest */,
				953856171CBC93EC00191088 /* LessonSwiftUITests.xctest */,
			);
			name = Products;
			sourceTree = "<group>";
		};
		953855FA1CBC93EC00191088 /* LessonSwift */ = {
			isa = PBXGroup;
			children = (
				953855FB1CBC93EC00191088 /* AppDelegate.swift */,
				953855FD1CBC93EC00191088 /* ViewController.swift */,
				953856021CBC93EC00191088 /* Assets.xcassets */,
				953856041CBC93EC00191088 /* LaunchScreen.storyboard */,
				953856071CBC93EC00191088 /* Info.plist */,
			);
			path = LessonSwift;
			sourceTree = "<group>";
		};
		9538560F1CBC93EC00191088 /* LessonSwiftTests */ = {
			isa = PBXGroup;
			children = (
				953856101CBC93EC00191088 /* LessonSwiftTests.swift */,
				953856121CBC93EC00191088 /* Info.plist */,
			);
			path = LessonSwiftTests;
			sourceTree = "<group>";
		};
		9538561A1CBC93EC00191088 /* LessonSwiftUITests */ = {
			isa = PBXGroup;
			children = (
				9538561B1CBC93EC00191088 /* LessonSwiftUITests.swift */,
				9538561D1CBC93EC00191088 /* Info.plist */,
			);
			path = LessonSwiftUITests;
			sourceTree = "<group>";
		};
/* End PBXGroup section */

/* Begin PBXNativeTarget section */
		953855F71CBC93EC00191088 /* LessonSwift */ = {
			isa = PBXNativeTarget;
			buildConfigurationList = 953856201CBC93EC00191088 /* Build configuration list for PBXNativeTarget "LessonSwift" */;
			buildPhases = (
				A2A5298BA5879A1DA85A2FEF /* [CP] Check Pods Manifest.lock */,
				953855F41CBC93EC00191088 /* Sources */,
				953855F51CBC93EC00191088 /* Frameworks */,
				953855F61CBC93EC00191088 /* Resources */,
				4FE67AC1BD8F8F7906A48044 /* [CP] Embed Pods Frameworks */,
				52F8260328F8B1C22CEF0E00 /* [CP] Copy Pods Resources */,
			);
			buildRules = (
			);
			dependencies = (
			);
			name = LessonSwift;
			productName = LessonSwift;
			productReference = 953855F81CBC93EC00191088 /* LessonSwift.app */;
			productType = "com.apple.product-type.application";
		};
		9538560B1CBC93EC00191088 /* LessonSwiftTests */ = {
			isa = PBXNativeTarget;
			buildConfigurationList = 953856231CBC93EC00191088 /* Build configuration list for PBXNativeTarget "LessonSwiftTests" */;
			buildPhases = (
				953856081CBC93EC00191088 /* Sources */,
				953856091CBC93EC00191088 /* Frameworks */,
				9538560A1CBC93EC00191088 /* Resources */,
			);
			buildRules = (
			);
			dependencies = (
				9538560E1CBC93EC00191088 /* PBXTargetDependency */,
			);
			name = LessonSwiftTests;
			productName = LessonSwiftTests;
			productReference = 9538560C1CBC93EC00191088 /* LessonSwiftTests.xctest */;
			productType = "com.apple.product-type.bundle.unit-test";
		};
		953856161CBC93EC00191088 /* LessonSwiftUITests */ = {
			isa = PBXNativeTarget;
			buildConfigurationList = 953856261CBC93EC00191088 /* Build configuration list for PBXNativeTarget "LessonSwiftUITests" */;
			buildPhases = (
				953856131CBC93EC00191088 /* Sources */,
				953856141CBC93EC00191088 /* Frameworks */,
				953856151CBC93EC00191088 /* Resources */,
			);
			buildRules = (
			);
			dependencies = (
				953856191CBC93EC00191088 /* PBXTargetDependency */,
			);
			name = LessonSwiftUITests;
			productName = LessonSwiftUITests;
			productReference = 953856171CBC93EC00191088 /* LessonSwiftUITests.xctest */;
			productType = "com.apple.product-type.bundle.ui-testing";
		};
/* End PBXNativeTarget section */

/* Begin PBXProject section */
		953855F01CBC93EC00191088 /* Project object */ = {
			isa = PBXProject;
			attributes = {
				LastSwiftUpdateCheck = 0730;
				LastUpgradeCheck = 0830;
				ORGANIZATIONNAME = pingsheng.zhao;
				TargetAttributes = {
					953855F71CBC93EC00191088 = {
						CreatedOnToolsVersion = 7.3;
						LastSwiftMigration = 0830;
					};
					9538560B1CBC93EC00191088 = {
						CreatedOnToolsVersion = 7.3;
						LastSwiftMigration = 0830;
						TestTargetID = 953855F71CBC93EC00191088;
					};
					953856161CBC93EC00191088 = {
						CreatedOnToolsVersion = 7.3;
						LastSwiftMigration = 0830;
						TestTargetID = 953855F71CBC93EC00191088;
					};
				};
			};
			buildConfigurationList = 953855F31CBC93EC00191088 /* Build configuration list for PBXProject "LessonSwift" */;
			compatibilityVersion = "Xcode 3.2";
			developmentRegion = English;
			hasScannedForEncodings = 0;
			knownRegions = (
				en,
				Base,
			);
			mainGroup = 953855EF1CBC93EC00191088;
			productRefGroup = 953855F91CBC93EC00191088 /* Products */;
			projectDirPath = "";
			projectRoot = "";
			targets = (
				953855F71CBC93EC00191088 /* LessonSwift */,
				9538560B1CBC93EC00191088 /* LessonSwiftTests */,
				953856161CBC93EC00191088 /* LessonSwiftUITests */,
			);
		};
/* End PBXProject section */

/* Begin PBXResourcesBuildPhase section */
		953855F61CBC93EC00191088 /* Resources */ = {
			isa = PBXResourcesBuildPhase;
			buildActionMask = 2147483647;
			files = (
				953856061CBC93EC00191088 /* LaunchScreen.storyboard in Resources */,
				953856031CBC93EC00191088 /* Assets.xcassets in Resources */,
			);
			runOnlyForDeploymentPostprocessing = 0;
		};
		9538560A1CBC93EC00191088 /* Resources */ = {
			isa = PBXResourcesBuildPhase;
			buildActionMask = 2147483647;
			files = (
			);
			runOnlyForDeploymentPostprocessing = 0;
		};
		953856151CBC93EC00191088 /* Resources */ = {
			isa = PBXResourcesBuildPhase;
			buildActionMask = 2147483647;
			files = (
			);
			runOnlyForDeploymentPostprocessing = 0;
		};
/* End PBXResourcesBuildPhase section */

/* Begin PBXShellScriptBuildPhase section */
		4FE67AC1BD8F8F7906A48044 /* [CP] Embed Pods Frameworks */ = {
			isa = PBXShellScriptBuildPhase;
			buildActionMask = 2147483647;
			files = (
			);
			inputPaths = (
			);
			name = "[CP] Embed Pods Frameworks";
			outputPaths = (
			);
			runOnlyForDeploymentPostprocessing = 0;
			shellPath = /bin/sh;
			shellScript = "\"${SRCROOT}/Pods/Target Support Files/Pods-LessonSwift/Pods-LessonSwift-frameworks.sh\"\n";
			showEnvVarsInLog = 0;
		};
		52F8260328F8B1C22CEF0E00 /* [CP] Copy Pods Resources */ = {
			isa = PBXShellScriptBuildPhase;
			buildActionMask = 2147483647;
			files = (
			);
			inputPaths = (
			);
			name = "[CP] Copy Pods Resources";
			outputPaths = (
			);
			runOnlyForDeploymentPostprocessing = 0;
			shellPath = /bin/sh;
			shellScript = "\"${SRCROOT}/Pods/Target Support Files/Pods-LessonSwift/Pods-LessonSwift-resources.sh\"\n";
			showEnvVarsInLog = 0;
		};
		A2A5298BA5879A1DA85A2FEF /* [CP] Check Pods Manifest.lock */ = {
			isa = PBXShellScriptBuildPhase;
			buildActionMask = 2147483647;
			files = (
			);
			inputPaths = (
			);
			name = "[CP] Check Pods Manifest.lock";
			outputPaths = (
			);
			runOnlyForDeploymentPostprocessing = 0;
			shellPath = /bin/sh;
			shellScript = "diff \"${PODS_PODFILE_DIR_PATH}/Podfile.lock\" \"${PODS_ROOT}/Manifest.lock\" > /dev/null\nif [ $? != 0 ] ; then\n    # print error to STDERR\n    echo \"error: The sandbox is not in sync with the Podfile.lock. Run 'pod install' or update your CocoaPods installation.\" >&2\n    exit 1\nfi\n";
			showEnvVarsInLog = 0;
		};
/* End PBXShellScriptBuildPhase section */

/* Begin PBXSourcesBuildPhase section */
		953855F41CBC93EC00191088 /* Sources */ = {
			isa = PBXSourcesBuildPhase;
			buildActionMask = 2147483647;
			files = (
				953855FE1CBC93EC00191088 /* ViewController.swift in Sources */,
				953855FC1CBC93EC00191088 /* AppDelegate.swift in Sources */,
			);
			runOnlyForDeploymentPostprocessing = 0;
		};
		953856081CBC93EC00191088 /* Sources */ = {
			isa = PBXSourcesBuildPhase;
			buildActionMask = 2147483647;
			files = (
				953856111CBC93EC00191088 /* LessonSwiftTests.swift in Sources */,
			);
			runOnlyForDeploymentPostprocessing = 0;
		};
		953856131CBC93EC00191088 /* Sources */ = {
			isa = PBXSourcesBuildPhase;
			buildActionMask = 2147483647;
			files = (
				9538561C1CBC93EC00191088 /* LessonSwiftUITests.swift in Sources */,
			);
			runOnlyForDeploymentPostprocessing = 0;
		};
/* End PBXSourcesBuildPhase section */

/* Begin PBXTargetDependency section */
		9538560E1CBC93EC00191088 /* PBXTargetDependency */ = {
			isa = PBXTargetDependency;
			target = 953855F71CBC93EC00191088 /* LessonSwift */;
			targetProxy = 9538560D1CBC93EC00191088 /* PBXContainerItemProxy */;
		};
		953856191CBC93EC00191088 /* PBXTargetDependency */ = {
			isa = PBXTargetDependency;
			target = 953855F71CBC93EC00191088 /* LessonSwift */;
			targetProxy = 953856181CBC93EC00191088 /* PBXContainerItemProxy */;
		};
/* End PBXTargetDependency section */

/* Begin PBXVariantGroup section */
		953856041CBC93EC00191088 /* LaunchScreen.storyboard */ = {
			isa = PBXVariantGroup;
			children = (
				953856051CBC93EC00191088 /* Base */,
			);
			name = LaunchScreen.storyboard;
			sourceTree = "<group>";
		};
/* End PBXVariantGroup section */

/* Begin XCBuildConfiguration section */
		9538561E1CBC93EC00191088 /* Debug */ = {
			isa = XCBuildConfiguration;
			buildSettings = {
				ALWAYS_SEARCH_USER_PATHS = NO;
				CLANG_ANALYZER_NONNULL = YES;
				CLANG_CXX_LANGUAGE_STANDARD = "gnu++0x";
				CLANG_CXX_LIBRARY = "libc++";
				CLANG_ENABLE_MODULES = YES;
				CLANG_ENABLE_OBJC_ARC = YES;
				CLANG_WARN_BOOL_CONVERSION = YES;
				CLANG_WARN_CONSTANT_CONVERSION = YES;
				CLANG_WARN_DIRECT_OBJC_ISA_USAGE = YES_ERROR;
				CLANG_WARN_EMPTY_BODY = YES;
				CLANG_WARN_ENUM_CONVERSION = YES;
				CLANG_WARN_INFINITE_RECURSION = YES;
				CLANG_WARN_INT_CONVERSION = YES;
				CLANG_WARN_OBJC_ROOT_CLASS = YES_ERROR;
				CLANG_WARN_SUSPICIOUS_MOVE = YES;
				CLANG_WARN_UNREACHABLE_CODE = YES;
				CLANG_WARN__DUPLICATE_METHOD_MATCH = YES;
				"CODE_SIGN_IDENTITY[sdk=iphoneos*]" = "iPhone Developer";
				COPY_PHASE_STRIP = NO;
				DEBUG_INFORMATION_FORMAT = dwarf;
				ENABLE_STRICT_OBJC_MSGSEND = YES;
				ENABLE_TESTABILITY = YES;
				GCC_C_LANGUAGE_STANDARD = gnu99;
				GCC_DYNAMIC_NO_PIC = NO;
				GCC_NO_COMMON_BLOCKS = YES;
				GCC_OPTIMIZATION_LEVEL = 0;
				GCC_PREPROCESSOR_DEFINITIONS = (
					"DEBUG=1",
					"$(inherited)",
				);
				GCC_WARN_64_TO_32_BIT_CONVERSION = YES;
				GCC_WARN_ABOUT_RETURN_TYPE = YES_ERROR;
				GCC_WARN_UNDECLARED_SELECTOR = YES;
				GCC_WARN_UNINITIALIZED_AUTOS = YES_AGGRESSIVE;
				GCC_WARN_UNUSED_FUNCTION = YES;
				GCC_WARN_UNUSED_VARIABLE = YES;
				IPHONEOS_DEPLOYMENT_TARGET = 9.3;
				MTL_ENABLE_DEBUG_INFO = YES;
				ONLY_ACTIVE_ARCH = YES;
				SDKROOT = iphoneos;
				SWIFT_OPTIMIZATION_LEVEL = "-Onone";
			};
			name = Debug;
		};
		9538561F1CBC93EC00191088 /* Release */ = {
			isa = XCBuildConfiguration;
			buildSettings = {
				ALWAYS_SEARCH_USER_PATHS = NO;
				CLANG_ANALYZER_NONNULL = YES;
				CLANG_CXX_LANGUAGE_STANDARD = "gnu++0x";
				CLANG_CXX_LIBRARY = "libc++";
				CLANG_ENABLE_MODULES = YES;
				CLANG_ENABLE_OBJC_ARC = YES;
				CLANG_WARN_BOOL_CONVERSION = YES;
				CLANG_WARN_CONSTANT_CONVERSION = YES;
				CLANG_WARN_DIRECT_OBJC_ISA_USAGE = YES_ERROR;
				CLANG_WARN_EMPTY_BODY = YES;
				CLANG_WARN_ENUM_CONVERSION = YES;
				CLANG_WARN_INFINITE_RECURSION = YES;
				CLANG_WARN_INT_CONVERSION = YES;
				CLANG_WARN_OBJC_ROOT_CLASS = YES_ERROR;
				CLANG_WARN_SUSPICIOUS_MOVE = YES;
				CLANG_WARN_UNREACHABLE_CODE = YES;
				CLANG_WARN__DUPLICATE_METHOD_MATCH = YES;
				"CODE_SIGN_IDENTITY[sdk=iphoneos*]" = "iPhone Developer";
				COPY_PHASE_STRIP = NO;
				DEBUG_INFORMATION_FORMAT = "dwarf-with-dsym";
				ENABLE_NS_ASSERTIONS = NO;
				ENABLE_STRICT_OBJC_MSGSEND = YES;
				GCC_C_LANGUAGE_STANDARD = gnu99;
				GCC_NO_COMMON_BLOCKS = YES;
				GCC_WARN_64_TO_32_BIT_CONVERSION = YES;
				GCC_WARN_ABOUT_RETURN_TYPE = YES_ERROR;
				GCC_WARN_UNDECLARED_SELECTOR = YES;
				GCC_WARN_UNINITIALIZED_AUTOS = YES_AGGRESSIVE;
				GCC_WARN_UNUSED_FUNCTION = YES;
				GCC_WARN_UNUSED_VARIABLE = YES;
				IPHONEOS_DEPLOYMENT_TARGET = 9.3;
				MTL_ENABLE_DEBUG_INFO = NO;
				SDKROOT = iphoneos;
				SWIFT_OPTIMIZATION_LEVEL = "-Owholemodule";
				VALIDATE_PRODUCT = YES;
			};
			name = Release;
		};
		953856211CBC93EC00191088 /* Debug */ = {
			isa = XCBuildConfiguration;
			baseConfigurationReference = 8D659AF257285E87AE60E787 /* Pods-LessonSwift.debug.xcconfig */;
			buildSettings = {
				ASSETCATALOG_COMPILER_APPICON_NAME = AppIcon;
				INFOPLIST_FILE = LessonSwift/Info.plist;
				IPHONEOS_DEPLOYMENT_TARGET = 8.0;
				LD_RUNPATH_SEARCH_PATHS = "$(inherited) @executable_path/Frameworks";
				PRODUCT_BUNDLE_IDENTIFIER = pingsheng.zhao.LessonSwift;
				PRODUCT_NAME = "$(TARGET_NAME)";
				SWIFT_VERSION = 3.0;
			};
			name = Debug;
		};
		953856221CBC93EC00191088 /* Release */ = {
			isa = XCBuildConfiguration;
			baseConfigurationReference = 2A418F156E57A51AA08DEAE5 /* Pods-LessonSwift.release.xcconfig */;
			buildSettings = {
				ASSETCATALOG_COMPILER_APPICON_NAME = AppIcon;
				INFOPLIST_FILE = LessonSwift/Info.plist;
				IPHONEOS_DEPLOYMENT_TARGET = 8.0;
				LD_RUNPATH_SEARCH_PATHS = "$(inherited) @executable_path/Frameworks";
				PRODUCT_BUNDLE_IDENTIFIER = pingsheng.zhao.LessonSwift;
				PRODUCT_NAME = "$(TARGET_NAME)";
				SWIFT_VERSION = 3.0;
			};
			name = Release;
		};
		953856241CBC93EC00191088 /* Debug */ = {
			isa = XCBuildConfiguration;
			buildSettings = {
				BUNDLE_LOADER = "$(TEST_HOST)";
				INFOPLIST_FILE = LessonSwiftTests/Info.plist;
				LD_RUNPATH_SEARCH_PATHS = "$(inherited) @executable_path/Frameworks @loader_path/Frameworks";
				PRODUCT_BUNDLE_IDENTIFIER = pingsheng.zhao.LessonSwiftTests;
				PRODUCT_NAME = "$(TARGET_NAME)";
				SWIFT_VERSION = 3.0;
				TEST_HOST = "$(BUILT_PRODUCTS_DIR)/LessonSwift.app/LessonSwift";
			};
			name = Debug;
		};
		953856251CBC93EC00191088 /* Release */ = {
			isa = XCBuildConfiguration;
			buildSettings = {
				BUNDLE_LOADER = "$(TEST_HOST)";
				INFOPLIST_FILE = LessonSwiftTests/Info.plist;
				LD_RUNPATH_SEARCH_PATHS = "$(inherited) @executable_path/Frameworks @loader_path/Frameworks";
				PRODUCT_BUNDLE_IDENTIFIER = pingsheng.zhao.LessonSwiftTests;
				PRODUCT_NAME = "$(TARGET_NAME)";
				SWIFT_VERSION = 3.0;
				TEST_HOST = "$(BUILT_PRODUCTS_DIR)/LessonSwift.app/LessonSwift";
			};
			name = Release;
		};
		953856271CBC93EC00191088 /* Debug */ = {
			isa = XCBuildConfiguration;
			buildSettings = {
				INFOPLIST_FILE = LessonSwiftUITests/Info.plist;
				LD_RUNPATH_SEARCH_PATHS = "$(inherited) @executable_path/Frameworks @loader_path/Frameworks";
				PRODUCT_BUNDLE_IDENTIFIER = pingsheng.zhao.LessonSwiftUITests;
				PRODUCT_NAME = "$(TARGET_NAME)";
				SWIFT_VERSION = 3.0;
				TEST_TARGET_NAME = LessonSwift;
			};
			name = Debug;
		};
		953856281CBC93EC00191088 /* Release */ = {
			isa = XCBuildConfiguration;
			buildSettings = {
				INFOPLIST_FILE = LessonSwiftUITests/Info.plist;
				LD_RUNPATH_SEARCH_PATHS = "$(inherited) @executable_path/Frameworks @loader_path/Frameworks";
				PRODUCT_BUNDLE_IDENTIFIER = pingsheng.zhao.LessonSwiftUITests;
				PRODUCT_NAME = "$(TARGET_NAME)";
				SWIFT_VERSION = 3.0;
				TEST_TARGET_NAME = LessonSwift;
			};
			name = Release;
		};
/* End XCBuildConfiguration section */

/* Begin XCConfigurationList section */
		953855F31CBC93EC00191088 /* Build configuration list for PBXProject "LessonSwift" */ = {
			isa = XCConfigurationList;
			buildConfigurations = (
				9538561E1CBC93EC00191088 /* Debug */,
				9538561F1CBC93EC00191088 /* Release */,
			);
			defaultConfigurationIsVisible = 0;
			defaultConfigurationName = Release;
		};
		953856201CBC93EC00191088 /* Build configuration list for PBXNativeTarget "LessonSwift" */ = {
			isa = XCConfigurationList;
			buildConfigurations = (
				953856211CBC93EC00191088 /* Debug */,
				953856221CBC93EC00191088 /* Release */,
			);
			defaultConfigurationIsVisible = 0;
			defaultConfigurationName = Release;
		};
		953856231CBC93EC00191088 /* Build configuration list for PBXNativeTarget "LessonSwiftTests" */ = {
			isa = XCConfigurationList;
			buildConfigurations = (
				953856241CBC93EC00191088 /* Debug */,
				953856251CBC93EC00191088 /* Release */,
			);
			defaultConfigurationIsVisible = 0;
			defaultConfigurationName = Release;
		};
		953856261CBC93EC00191088 /* Build configuration list for PBXNativeTarget "LessonSwiftUITests" */ = {
			isa = XCConfigurationList;
			buildConfigurations = (
				953856271CBC93EC00191088 /* Debug */,
				953856281CBC93EC00191088 /* Release */,
			);
			defaultConfigurationIsVisible = 0;
			defaultConfigurationName = Release;
		};
/* End XCConfigurationList section */
	};
	rootObject = 953855F01CBC93EC00191088 /* Project object */;
}
